// !$*UTF8*$!
{
	archiveVersion = 1;
	classes = {
	};
	objectVersion = 50;
	objects = {

/* Begin PBXBuildFile section */
		09D1344020D7523F00806CAA /* AppDelegate.swift in Sources */ = {isa = PBXBuildFile; fileRef = 09D1343F20D7523F00806CAA /* AppDelegate.swift */; };
		09D1344520D7523F00806CAA /* Main.storyboard in Resources */ = {isa = PBXBuildFile; fileRef = 09D1344320D7523F00806CAA /* Main.storyboard */; };
		09D1344720D7524300806CAA /* Assets.xcassets in Resources */ = {isa = PBXBuildFile; fileRef = 09D1344620D7524300806CAA /* Assets.xcassets */; };
		09D1344A20D7524300806CAA /* LaunchScreen.storyboard in Resources */ = {isa = PBXBuildFile; fileRef = 09D1344820D7524300806CAA /* LaunchScreen.storyboard */; };
		09D1345620D754F900806CAA /* MainPageViewController.swift in Sources */ = {isa = PBXBuildFile; fileRef = 09D1345520D754F900806CAA /* MainPageViewController.swift */; };
		09D1345B20D7554100806CAA /* OrderListPageViewController.swift in Sources */ = {isa = PBXBuildFile; fileRef = 09D1345A20D7554100806CAA /* OrderListPageViewController.swift */; };
		09D1345E20D7555C00806CAA /* OrderDetailPageViewController.swift in Sources */ = {isa = PBXBuildFile; fileRef = 09D1345D20D7555C00806CAA /* OrderDetailPageViewController.swift */; };
		09D1346020D7559500806CAA /* OrderList.storyboard in Resources */ = {isa = PBXBuildFile; fileRef = 09D1345F20D7559500806CAA /* OrderList.storyboard */; };
		09D1346220D755A100806CAA /* OrderDetail.storyboard in Resources */ = {isa = PBXBuildFile; fileRef = 09D1346120D755A100806CAA /* OrderDetail.storyboard */; };
		09D1346420D759F800806CAA /* MainTableViewController.swift in Sources */ = {isa = PBXBuildFile; fileRef = 09D1346320D759F800806CAA /* MainTableViewController.swift */; };
		09D1346720D75A2800806CAA /* MainTableView.swift in Sources */ = {isa = PBXBuildFile; fileRef = 09D1346620D75A2800806CAA /* MainTableView.swift */; };
		09D1346A20D75AD700806CAA /* OrderPageTableViewCell.swift in Sources */ = {isa = PBXBuildFile; fileRef = 09D1346820D75AD700806CAA /* OrderPageTableViewCell.swift */; };
		09D1346B20D75AD700806CAA /* OrderPageTableViewCell.xib in Resources */ = {isa = PBXBuildFile; fileRef = 09D1346920D75AD700806CAA /* OrderPageTableViewCell.xib */; };
		09D1347020D75B0F00806CAA /* OrderListTableViewCell.swift in Sources */ = {isa = PBXBuildFile; fileRef = 09D1346E20D75B0F00806CAA /* OrderListTableViewCell.swift */; };
		09D1347120D75B0F00806CAA /* OrderListTableViewCell.xib in Resources */ = {isa = PBXBuildFile; fileRef = 09D1346F20D75B0F00806CAA /* OrderListTableViewCell.xib */; };
/* End PBXBuildFile section */

/* Begin PBXFileReference section */
		09D1343C20D7523F00806CAA /* CoffeeOrderSystem.app */ = {isa = PBXFileReference; explicitFileType = wrapper.application; includeInIndex = 0; path = CoffeeOrderSystem.app; sourceTree = BUILT_PRODUCTS_DIR; };
		09D1343F20D7523F00806CAA /* AppDelegate.swift */ = {isa = PBXFileReference; lastKnownFileType = sourcecode.swift; path = AppDelegate.swift; sourceTree = "<group>"; };
		09D1344420D7523F00806CAA /* Base */ = {isa = PBXFileReference; lastKnownFileType = file.storyboard; name = Base; path = Base.lproj/Main.storyboard; sourceTree = "<group>"; };
		09D1344620D7524300806CAA /* Assets.xcassets */ = {isa = PBXFileReference; lastKnownFileType = folder.assetcatalog; path = Assets.xcassets; sourceTree = "<group>"; };
		09D1344920D7524300806CAA /* Base */ = {isa = PBXFileReference; lastKnownFileType = file.storyboard; name = Base; path = Base.lproj/LaunchScreen.storyboard; sourceTree = "<group>"; };
		09D1344B20D7524300806CAA /* Info.plist */ = {isa = PBXFileReference; lastKnownFileType = text.plist.xml; path = Info.plist; sourceTree = "<group>"; };
		09D1345520D754F900806CAA /* MainPageViewController.swift */ = {isa = PBXFileReference; lastKnownFileType = sourcecode.swift; path = MainPageViewController.swift; sourceTree = "<group>"; };
		09D1345A20D7554100806CAA /* OrderListPageViewController.swift */ = {isa = PBXFileReference; lastKnownFileType = sourcecode.swift; path = OrderListPageViewController.swift; sourceTree = "<group>"; };
		09D1345D20D7555C00806CAA /* OrderDetailPageViewController.swift */ = {isa = PBXFileReference; lastKnownFileType = sourcecode.swift; path = OrderDetailPageViewController.swift; sourceTree = "<group>"; };
		09D1345F20D7559500806CAA /* OrderList.storyboard */ = {isa = PBXFileReference; lastKnownFileType = file.storyboard; path = OrderList.storyboard; sourceTree = "<group>"; };
		09D1346120D755A100806CAA /* OrderDetail.storyboard */ = {isa = PBXFileReference; lastKnownFileType = file.storyboard; path = OrderDetail.storyboard; sourceTree = "<group>"; };
		09D1346320D759F800806CAA /* MainTableViewController.swift */ = {isa = PBXFileReference; lastKnownFileType = sourcecode.swift; path = MainTableViewController.swift; sourceTree = "<group>"; };
		09D1346620D75A2800806CAA /* MainTableView.swift */ = {isa = PBXFileReference; lastKnownFileType = sourcecode.swift; path = MainTableView.swift; sourceTree = "<group>"; };
		09D1346820D75AD700806CAA /* OrderPageTableViewCell.swift */ = {isa = PBXFileReference; lastKnownFileType = sourcecode.swift; path = OrderPageTableViewCell.swift; sourceTree = "<group>"; };
		09D1346920D75AD700806CAA /* OrderPageTableViewCell.xib */ = {isa = PBXFileReference; lastKnownFileType = file.xib; path = OrderPageTableViewCell.xib; sourceTree = "<group>"; };
		09D1346E20D75B0F00806CAA /* OrderListTableViewCell.swift */ = {isa = PBXFileReference; lastKnownFileType = sourcecode.swift; path = OrderListTableViewCell.swift; sourceTree = "<group>"; };
		09D1346F20D75B0F00806CAA /* OrderListTableViewCell.xib */ = {isa = PBXFileReference; lastKnownFileType = file.xib; path = OrderListTableViewCell.xib; sourceTree = "<group>"; };
/* End PBXFileReference section */

/* Begin PBXFrameworksBuildPhase section */
		09D1343920D7523F00806CAA /* Frameworks */ = {
			isa = PBXFrameworksBuildPhase;
			buildActionMask = 2147483647;
			files = (
			);
			runOnlyForDeploymentPostprocessing = 0;
		};
/* End PBXFrameworksBuildPhase section */

/* Begin PBXGroup section */
		09D1343320D7523F00806CAA = {
			isa = PBXGroup;
			children = (
				09D1343E20D7523F00806CAA /* CoffeeOrderSystem */,
				09D1343D20D7523F00806CAA /* Products */,
			);
			sourceTree = "<group>";
		};
		09D1343D20D7523F00806CAA /* Products */ = {
			isa = PBXGroup;
			children = (
				09D1343C20D7523F00806CAA /* CoffeeOrderSystem.app */,
			);
			name = Products;
			sourceTree = "<group>";
		};
		09D1343E20D7523F00806CAA /* CoffeeOrderSystem */ = {
			isa = PBXGroup;
			children = (
				09D1345320D754B500806CAA /* Controller */,
				09D1345220D754B000806CAA /* View */,
				09D1345120D754A700806CAA /* Model */,
				09D1345420D754C200806CAA /* Storyboard */,
				09D1343F20D7523F00806CAA /* AppDelegate.swift */,
				09D1344620D7524300806CAA /* Assets.xcassets */,
				09D1344820D7524300806CAA /* LaunchScreen.storyboard */,
				09D1344B20D7524300806CAA /* Info.plist */,
			);
			path = CoffeeOrderSystem;
			sourceTree = "<group>";
		};
		09D1345120D754A700806CAA /* Model */ = {
			isa = PBXGroup;
			children = (
			);
			path = Model;
			sourceTree = "<group>";
		};
		09D1345220D754B000806CAA /* View */ = {
			isa = PBXGroup;
			children = (
				09D1346520D759FE00806CAA /* MainPage */,
			);
			path = View;
			sourceTree = "<group>";
		};
		09D1345320D754B500806CAA /* Controller */ = {
			isa = PBXGroup;
			children = (
				09D1345920D7552A00806CAA /* OrderDetailPage */,
				09D1345820D7550F00806CAA /* OrderListPage */,
				09D1345720D7550300806CAA /* MainPage */,
			);
			path = Controller;
			sourceTree = "<group>";
		};
		09D1345420D754C200806CAA /* Storyboard */ = {
			isa = PBXGroup;
			children = (
				09D1344320D7523F00806CAA /* Main.storyboard */,
				09D1345F20D7559500806CAA /* OrderList.storyboard */,
				09D1346120D755A100806CAA /* OrderDetail.storyboard */,
			);
			path = Storyboard;
			sourceTree = "<group>";
		};
		09D1345720D7550300806CAA /* MainPage */ = {
			isa = PBXGroup;
			children = (
				09D1345520D754F900806CAA /* MainPageViewController.swift */,
				09D1346320D759F800806CAA /* MainTableViewController.swift */,
			);
			path = MainPage;
			sourceTree = "<group>";
		};
		09D1345820D7550F00806CAA /* OrderListPage */ = {
			isa = PBXGroup;
			children = (
				09D1345A20D7554100806CAA /* OrderListPageViewController.swift */,
			);
			path = OrderListPage;
			sourceTree = "<group>";
		};
		09D1345920D7552A00806CAA /* OrderDetailPage */ = {
			isa = PBXGroup;
			children = (
				09D1345D20D7555C00806CAA /* OrderDetailPageViewController.swift */,
			);
			path = OrderDetailPage;
			sourceTree = "<group>";
		};
		09D1346520D759FE00806CAA /* MainPage */ = {
			isa = PBXGroup;
			children = (
				09D1346D20D75AF400806CAA /* OrderListCell */,
				09D1346C20D75ADE00806CAA /* OrderPageCell */,
				09D1346620D75A2800806CAA /* MainTableView.swift */,
			);
			path = MainPage;
			sourceTree = "<group>";
		};
		09D1346C20D75ADE00806CAA /* OrderPageCell */ = {
			isa = PBXGroup;
			children = (
				09D1346820D75AD700806CAA /* OrderPageTableViewCell.swift */,
				09D1346920D75AD700806CAA /* OrderPageTableViewCell.xib */,
			);
			path = OrderPageCell;
			sourceTree = "<group>";
		};
		09D1346D20D75AF400806CAA /* OrderListCell */ = {
			isa = PBXGroup;
			children = (
				09D1346E20D75B0F00806CAA /* OrderListTableViewCell.swift */,
				09D1346F20D75B0F00806CAA /* OrderListTableViewCell.xib */,
			);
			path = OrderListCell;
			sourceTree = "<group>";
		};
/* End PBXGroup section */

/* Begin PBXNativeTarget section */
		09D1343B20D7523F00806CAA /* CoffeeOrderSystem */ = {
			isa = PBXNativeTarget;
			buildConfigurationList = 09D1344E20D7524300806CAA /* Build configuration list for PBXNativeTarget "CoffeeOrderSystem" */;
			buildPhases = (
				09D1343820D7523F00806CAA /* Sources */,
				09D1343920D7523F00806CAA /* Frameworks */,
				09D1343A20D7523F00806CAA /* Resources */,
			);
			buildRules = (
			);
			dependencies = (
			);
			name = CoffeeOrderSystem;
			productName = CoffeeOrderSystem;
			productReference = 09D1343C20D7523F00806CAA /* CoffeeOrderSystem.app */;
			productType = "com.apple.product-type.application";
		};
/* End PBXNativeTarget section */

/* Begin PBXProject section */
		09D1343420D7523F00806CAA /* Project object */ = {
			isa = PBXProject;
			attributes = {
				LastSwiftUpdateCheck = 0930;
				LastUpgradeCheck = 0930;
				ORGANIZATIONNAME = "尚靖";
				TargetAttributes = {
					09D1343B20D7523F00806CAA = {
						CreatedOnToolsVersion = 9.3;
					};
				};
			};
			buildConfigurationList = 09D1343720D7523F00806CAA /* Build configuration list for PBXProject "CoffeeOrderSystem" */;
			compatibilityVersion = "Xcode 9.3";
			developmentRegion = en;
			hasScannedForEncodings = 0;
			knownRegions = (
				en,
				Base,
			);
			mainGroup = 09D1343320D7523F00806CAA;
			productRefGroup = 09D1343D20D7523F00806CAA /* Products */;
			projectDirPath = "";
			projectRoot = "";
			targets = (
				09D1343B20D7523F00806CAA /* CoffeeOrderSystem */,
			);
		};
/* End PBXProject section */

/* Begin PBXResourcesBuildPhase section */
		09D1343A20D7523F00806CAA /* Resources */ = {
			isa = PBXResourcesBuildPhase;
			buildActionMask = 2147483647;
			files = (
				09D1344A20D7524300806CAA /* LaunchScreen.storyboard in Resources */,
				09D1344720D7524300806CAA /* Assets.xcassets in Resources */,
				09D1344520D7523F00806CAA /* Main.storyboard in Resources */,
				09D1346B20D75AD700806CAA /* OrderPageTableViewCell.xib in Resources */,
				09D1346020D7559500806CAA /* OrderList.storyboard in Resources */,
				09D1347120D75B0F00806CAA /* OrderListTableViewCell.xib in Resources */,
				09D1346220D755A100806CAA /* OrderDetail.storyboard in Resources */,
			);
			runOnlyForDeploymentPostprocessing = 0;
		};
/* End PBXResourcesBuildPhase section */

/* Begin PBXSourcesBuildPhase section */
		09D1343820D7523F00806CAA /* Sources */ = {
			isa = PBXSourcesBuildPhase;
			buildActionMask = 2147483647;
			files = (
				09D1346A20D75AD700806CAA /* OrderPageTableViewCell.swift in Sources */,
				09D1346720D75A2800806CAA /* MainTableView.swift in Sources */,
				09D1347020D75B0F00806CAA /* OrderListTableViewCell.swift in Sources */,
				09D1345620D754F900806CAA /* MainPageViewController.swift in Sources */,
				09D1345E20D7555C00806CAA /* OrderDetailPageViewController.swift in Sources */,
				09D1345B20D7554100806CAA /* OrderListPageViewController.swift in Sources */,
				09D1346420D759F800806CAA /* MainTableViewController.swift in Sources */,
				09D1344020D7523F00806CAA /* AppDelegate.swift in Sources */,
			);
			runOnlyForDeploymentPostprocessing = 0;
		};
/* End PBXSourcesBuildPhase section */

/* Begin PBXVariantGroup section */
		09D1344320D7523F00806CAA /* Main.storyboard */ = {
			isa = PBXVariantGroup;
			children = (
				09D1344420D7523F00806CAA /* Base */,
			);
			name = Main.storyboard;
			sourceTree = "<group>";
		};
		09D1344820D7524300806CAA /* LaunchScreen.storyboard */ = {
			isa = PBXVariantGroup;
			children = (
				09D1344920D7524300806CAA /* Base */,
			);
			name = LaunchScreen.storyboard;
			sourceTree = "<group>";
		};
/* End PBXVariantGroup section */

/* Begin XCBuildConfiguration section */
		09D1344C20D7524300806CAA /* Debug */ = {
			isa = XCBuildConfiguration;
			buildSettings = {
				ALWAYS_SEARCH_USER_PATHS = NO;
				CLANG_ANALYZER_NONNULL = YES;
				CLANG_ANALYZER_NUMBER_OBJECT_CONVERSION = YES_AGGRESSIVE;
				CLANG_CXX_LANGUAGE_STANDARD = "gnu++14";
				CLANG_CXX_LIBRARY = "libc++";
				CLANG_ENABLE_MODULES = YES;
				CLANG_ENABLE_OBJC_ARC = YES;
				CLANG_ENABLE_OBJC_WEAK = YES;
				CLANG_WARN_BLOCK_CAPTURE_AUTORELEASING = YES;
				CLANG_WARN_BOOL_CONVERSION = YES;
				CLANG_WARN_COMMA = YES;
				CLANG_WARN_CONSTANT_CONVERSION = YES;
				CLANG_WARN_DEPRECATED_OBJC_IMPLEMENTATIONS = YES;
				CLANG_WARN_DIRECT_OBJC_ISA_USAGE = YES_ERROR;
				CLANG_WARN_DOCUMENTATION_COMMENTS = YES;
				CLANG_WARN_EMPTY_BODY = YES;
				CLANG_WARN_ENUM_CONVERSION = YES;
				CLANG_WARN_INFINITE_RECURSION = YES;
				CLANG_WARN_INT_CONVERSION = YES;
				CLANG_WARN_NON_LITERAL_NULL_CONVERSION = YES;
				CLANG_WARN_OBJC_IMPLICIT_RETAIN_SELF = YES;
				CLANG_WARN_OBJC_LITERAL_CONVERSION = YES;
				CLANG_WARN_OBJC_ROOT_CLASS = YES_ERROR;
				CLANG_WARN_RANGE_LOOP_ANALYSIS = YES;
				CLANG_WARN_STRICT_PROTOTYPES = YES;
				CLANG_WARN_SUSPICIOUS_MOVE = YES;
				CLANG_WARN_UNGUARDED_AVAILABILITY = YES_AGGRESSIVE;
				CLANG_WARN_UNREACHABLE_CODE = YES;
				CLANG_WARN__DUPLICATE_METHOD_MATCH = YES;
				CODE_SIGN_IDENTITY = "iPhone Developer";
				COPY_PHASE_STRIP = NO;
				DEBUG_INFORMATION_FORMAT = dwarf;
				ENABLE_STRICT_OBJC_MSGSEND = YES;
				ENABLE_TESTABILITY = YES;
				GCC_C_LANGUAGE_STANDARD = gnu11;
				GCC_DYNAMIC_NO_PIC = NO;
				GCC_NO_COMMON_BLOCKS = YES;
				GCC_OPTIMIZATION_LEVEL = 0;
				GCC_PREPROCESSOR_DEFINITIONS = (
					"DEBUG=1",
					"$(inherited)",
				);
				GCC_WARN_64_TO_32_BIT_CONVERSION = YES;
				GCC_WARN_ABOUT_RETURN_TYPE = YES_ERROR;
				GCC_WARN_UNDECLARED_SELECTOR = YES;
				GCC_WARN_UNINITIALIZED_AUTOS = YES_AGGRESSIVE;
				GCC_WARN_UNUSED_FUNCTION = YES;
				GCC_WARN_UNUSED_VARIABLE = YES;
				IPHONEOS_DEPLOYMENT_TARGET = 11.3;
				MTL_ENABLE_DEBUG_INFO = YES;
				ONLY_ACTIVE_ARCH = YES;
				SDKROOT = iphoneos;
				SWIFT_ACTIVE_COMPILATION_CONDITIONS = DEBUG;
				SWIFT_OPTIMIZATION_LEVEL = "-Onone";
			};
			name = Debug;
		};
		09D1344D20D7524300806CAA /* Release */ = {
			isa = XCBuildConfiguration;
			buildSettings = {
				ALWAYS_SEARCH_USER_PATHS = NO;
				CLANG_ANALYZER_NONNULL = YES;
				CLANG_ANALYZER_NUMBER_OBJECT_CONVERSION = YES_AGGRESSIVE;
				CLANG_CXX_LANGUAGE_STANDARD = "gnu++14";
				CLANG_CXX_LIBRARY = "libc++";
				CLANG_ENABLE_MODULES = YES;
				CLANG_ENABLE_OBJC_ARC = YES;
				CLANG_ENABLE_OBJC_WEAK = YES;
				CLANG_WARN_BLOCK_CAPTURE_AUTORELEASING = YES;
				CLANG_WARN_BOOL_CONVERSION = YES;
				CLANG_WARN_COMMA = YES;
				CLANG_WARN_CONSTANT_CONVERSION = YES;
				CLANG_WARN_DEPRECATED_OBJC_IMPLEMENTATIONS = YES;
				CLANG_WARN_DIRECT_OBJC_ISA_USAGE = YES_ERROR;
				CLANG_WARN_DOCUMENTATION_COMMENTS = YES;
				CLANG_WARN_EMPTY_BODY = YES;
				CLANG_WARN_ENUM_CONVERSION = YES;
				CLANG_WARN_INFINITE_RECURSION = YES;
				CLANG_WARN_INT_CONVERSION = YES;
				CLANG_WARN_NON_LITERAL_NULL_CONVERSION = YES;
				CLANG_WARN_OBJC_IMPLICIT_RETAIN_SELF = YES;
				CLANG_WARN_OBJC_LITERAL_CONVERSION = YES;
				CLANG_WARN_OBJC_ROOT_CLASS = YES_ERROR;
				CLANG_WARN_RANGE_LOOP_ANALYSIS = YES;
				CLANG_WARN_STRICT_PROTOTYPES = YES;
				CLANG_WARN_SUSPICIOUS_MOVE = YES;
				CLANG_WARN_UNGUARDED_AVAILABILITY = YES_AGGRESSIVE;
				CLANG_WARN_UNREACHABLE_CODE = YES;
				CLANG_WARN__DUPLICATE_METHOD_MATCH = YES;
				CODE_SIGN_IDENTITY = "iPhone Developer";
				COPY_PHASE_STRIP = NO;
				DEBUG_INFORMATION_FORMAT = "dwarf-with-dsym";
				ENABLE_NS_ASSERTIONS = NO;
				ENABLE_STRICT_OBJC_MSGSEND = YES;
				GCC_C_LANGUAGE_STANDARD = gnu11;
				GCC_NO_COMMON_BLOCKS = YES;
				GCC_WARN_64_TO_32_BIT_CONVERSION = YES;
				GCC_WARN_ABOUT_RETURN_TYPE = YES_ERROR;
				GCC_WARN_UNDECLARED_SELECTOR = YES;
				GCC_WARN_UNINITIALIZED_AUTOS = YES_AGGRESSIVE;
				GCC_WARN_UNUSED_FUNCTION = YES;
				GCC_WARN_UNUSED_VARIABLE = YES;
				IPHONEOS_DEPLOYMENT_TARGET = 11.3;
				MTL_ENABLE_DEBUG_INFO = NO;
				SDKROOT = iphoneos;
				SWIFT_COMPILATION_MODE = wholemodule;
				SWIFT_OPTIMIZATION_LEVEL = "-O";
				VALIDATE_PRODUCT = YES;
			};
			name = Release;
		};
		09D1344F20D7524300806CAA /* Debug */ = {
			isa = XCBuildConfiguration;
			buildSettings = {
				ASSETCATALOG_COMPILER_APPICON_NAME = AppIcon;
				CODE_SIGN_STYLE = Automatic;
				DEVELOPMENT_TEAM = ARXY2PA7PZ;
				INFOPLIST_FILE = CoffeeOrderSystem/Info.plist;
				LD_RUNPATH_SEARCH_PATHS = (
					"$(inherited)",
					"@executable_path/Frameworks",
				);
				PRODUCT_BUNDLE_IDENTIFIER = Shannn.CoffeeOrderSystem;
				PRODUCT_NAME = "$(TARGET_NAME)";
				SWIFT_VERSION = 4.0;
				TARGETED_DEVICE_FAMILY = "1,2";
			};
			name = Debug;
		};
		09D1345020D7524300806CAA /* Release */ = {
			isa = XCBuildConfiguration;
			buildSettings = {
				ASSETCATALOG_COMPILER_APPICON_NAME = AppIcon;
				CODE_SIGN_STYLE = Automatic;
				DEVELOPMENT_TEAM = ARXY2PA7PZ;
				INFOPLIST_FILE = CoffeeOrderSystem/Info.plist;
				LD_RUNPATH_SEARCH_PATHS = (
					"$(inherited)",
					"@executable_path/Frameworks",
				);
				PRODUCT_BUNDLE_IDENTIFIER = Shannn.CoffeeOrderSystem;
				PRODUCT_NAME = "$(TARGET_NAME)";
				SWIFT_VERSION = 4.0;
				TARGETED_DEVICE_FAMILY = "1,2";
			};
			name = Release;
		};
/* End XCBuildConfiguration section */

/* Begin XCConfigurationList section */
		09D1343720D7523F00806CAA /* Build configuration list for PBXProject "CoffeeOrderSystem" */ = {
			isa = XCConfigurationList;
			buildConfigurations = (
				09D1344C20D7524300806CAA /* Debug */,
				09D1344D20D7524300806CAA /* Release */,
			);
			defaultConfigurationIsVisible = 0;
			defaultConfigurationName = Release;
		};
		09D1344E20D7524300806CAA /* Build configuration list for PBXNativeTarget "CoffeeOrderSystem" */ = {
			isa = XCConfigurationList;
			buildConfigurations = (
				09D1344F20D7524300806CAA /* Debug */,
				09D1345020D7524300806CAA /* Release */,
			);
			defaultConfigurationIsVisible = 0;
			defaultConfigurationName = Release;
		};
/* End XCConfigurationList section */
	};
	rootObject = 09D1343420D7523F00806CAA /* Project object */;
}
